
Microsoft Visual Studio Solution File, Format Version 12.00
# Visual Studio 14
VisualStudioVersion = 14.0.25420.1
MinimumVisualStudioVersion = 10.0.40219.1
Project("{8BC9CEB8-8B4A-11D0-8D11-00A0C91BC942}") = "Tutorial1_BasicSetup", "Tutorial1_BasicSetup\Tutorial1_BasicSetup.vcxproj", "{D1836834-91CC-45AA-BD8A-79074AAABCCD}"
EndProject
Project("{8BC9CEB8-8B4A-11D0-8D11-00A0C91BC942}") = "Tutorial2_ObjLoader", "Tutorial2_ObjLoader\Tutorial2_ObjLoader.vcxproj", "{D1B93130-6A33-4AC4-AC51-5D5A8DF2E4BC}"
EndProject
Project("{8BC9CEB8-8B4A-11D0-8D11-00A0C91BC942}") = "Tutorial3_OrbitCamera", "Tutorial3_OrbitCamera\Tutorial3_OrbitCamera.vcxproj", "{0EA170C2-37A3-4031-9FF6-86B2E8082EC1}"
EndProject
Project("{8BC9CEB8-8B4A-11D0-8D11-00A0C91BC942}") = "Tutorial4_FrameBuffer", "Tutorial4_FrameBuffer\Tutorial4_FrameBuffer.vcxproj", "{60ED52FA-3126-4936-9A59-7C0AA085F9A7}"
EndProject
Project("{8BC9CEB8-8B4A-11D0-8D11-00A0C91BC942}") = "Tutorial5_ObjectPicking", "Tutorial5_ObjectPicking\Tutorial5_ObjectPicking.vcxproj", "{100EEF08-1B10-40CD-96CD-A030B5819CF4}"
EndProject
Project("{8BC9CEB8-8B4A-11D0-8D11-00A0C91BC942}") = "Tutorial6_PointLight", "Tutorial6_PointLight\Tutorial6_PointLight.vcxproj", "{02087B74-5EEE-47F6-9D67-5C39ACCC15DD}"
EndProject
Project("{8BC9CEB8-8B4A-11D0-8D11-00A0C91BC942}") = "Tutorial7_DirectionalLight", "Tutorial7_DirectionalLight\Tutorial7_DirectionalLight.vcxproj", "{B8166E62-5DCC-473A-B4D8-55A27D59F97A}"
EndProject
Project("{8BC9CEB8-8B4A-11D0-8D11-00A0C91BC942}") = "Tutorial8_SpotLight", "Tutorial8_SpotLight\Tutorial8_SpotLight.vcxproj", "{9DC720C3-6830-4500-99B9-2D6A9F729B94}"
EndProject
Global
	GlobalSection(SolutionConfigurationPlatforms) = preSolution
		Debug|x64 = Debug|x64
		Debug|x86 = Debug|x86
		Release|x64 = Release|x64
		Release|x86 = Release|x86
	EndGlobalSection
	GlobalSection(ProjectConfigurationPlatforms) = postSolution
		{D1836834-91CC-45AA-BD8A-79074AAABCCD}.Debug|x64.ActiveCfg = Debug|x64
		{D1836834-91CC-45AA-BD8A-79074AAABCCD}.Debug|x64.Build.0 = Debug|x64
		{D1836834-91CC-45AA-BD8A-79074AAABCCD}.Debug|x86.ActiveCfg = Debug|Win32
		{D1836834-91CC-45AA-BD8A-79074AAABCCD}.Debug|x86.Build.0 = Debug|Win32
		{D1836834-91CC-45AA-BD8A-79074AAABCCD}.Release|x64.ActiveCfg = Release|x64
		{D1836834-91CC-45AA-BD8A-79074AAABCCD}.Release|x64.Build.0 = Release|x64
		{D1836834-91CC-45AA-BD8A-79074AAABCCD}.Release|x86.ActiveCfg = Release|Win32
		{D1836834-91CC-45AA-BD8A-79074AAABCCD}.Release|x86.Build.0 = Release|Win32
		{D1B93130-6A33-4AC4-AC51-5D5A8DF2E4BC}.Debug|x64.ActiveCfg = Debug|x64
		{D1B93130-6A33-4AC4-AC51-5D5A8DF2E4BC}.Debug|x64.Build.0 = Debug|x64
		{D1B93130-6A33-4AC4-AC51-5D5A8DF2E4BC}.Debug|x86.ActiveCfg = Debug|Win32
		{D1B93130-6A33-4AC4-AC51-5D5A8DF2E4BC}.Debug|x86.Build.0 = Debug|Win32
		{D1B93130-6A33-4AC4-AC51-5D5A8DF2E4BC}.Release|x64.ActiveCfg = Release|x64
		{D1B93130-6A33-4AC4-AC51-5D5A8DF2E4BC}.Release|x64.Build.0 = Release|x64
		{D1B93130-6A33-4AC4-AC51-5D5A8DF2E4BC}.Release|x86.ActiveCfg = Release|Win32
		{D1B93130-6A33-4AC4-AC51-5D5A8DF2E4BC}.Release|x86.Build.0 = Release|Win32
		{0EA170C2-37A3-4031-9FF6-86B2E8082EC1}.Debug|x64.ActiveCfg = Debug|x64
		{0EA170C2-37A3-4031-9FF6-86B2E8082EC1}.Debug|x64.Build.0 = Debug|x64
		{0EA170C2-37A3-4031-9FF6-86B2E8082EC1}.Debug|x86.ActiveCfg = Debug|Win32
		{0EA170C2-37A3-4031-9FF6-86B2E8082EC1}.Debug|x86.Build.0 = Debug|Win32
		{0EA170C2-37A3-4031-9FF6-86B2E8082EC1}.Release|x64.ActiveCfg = Release|x64
		{0EA170C2-37A3-4031-9FF6-86B2E8082EC1}.Release|x64.Build.0 = Release|x64
		{0EA170C2-37A3-4031-9FF6-86B2E8082EC1}.Release|x86.ActiveCfg = Release|Win32
		{0EA170C2-37A3-4031-9FF6-86B2E8082EC1}.Release|x86.Build.0 = Release|Win32
		{60ED52FA-3126-4936-9A59-7C0AA085F9A7}.Debug|x64.ActiveCfg = Debug|x64
		{60ED52FA-3126-4936-9A59-7C0AA085F9A7}.Debug|x64.Build.0 = Debug|x64
		{60ED52FA-3126-4936-9A59-7C0AA085F9A7}.Debug|x86.ActiveCfg = Debug|Win32
		{60ED52FA-3126-4936-9A59-7C0AA085F9A7}.Debug|x86.Build.0 = Debug|Win32
		{60ED52FA-3126-4936-9A59-7C0AA085F9A7}.Release|x64.ActiveCfg = Release|x64
		{60ED52FA-3126-4936-9A59-7C0AA085F9A7}.Release|x64.Build.0 = Release|x64
		{60ED52FA-3126-4936-9A59-7C0AA085F9A7}.Release|x86.ActiveCfg = Release|Win32
		{60ED52FA-3126-4936-9A59-7C0AA085F9A7}.Release|x86.Build.0 = Release|Win32
		{100EEF08-1B10-40CD-96CD-A030B5819CF4}.Debug|x64.ActiveCfg = Debug|x64
		{100EEF08-1B10-40CD-96CD-A030B5819CF4}.Debug|x64.Build.0 = Debug|x64
		{100EEF08-1B10-40CD-96CD-A030B5819CF4}.Debug|x86.ActiveCfg = Debug|Win32
		{100EEF08-1B10-40CD-96CD-A030B5819CF4}.Debug|x86.Build.0 = Debug|Win32
		{100EEF08-1B10-40CD-96CD-A030B5819CF4}.Release|x64.ActiveCfg = Release|x64
		{100EEF08-1B10-40CD-96CD-A030B5819CF4}.Release|x64.Build.0 = Release|x64
		{100EEF08-1B10-40CD-96CD-A030B5819CF4}.Release|x86.ActiveCfg = Release|Win32
		{100EEF08-1B10-40CD-96CD-A030B5819CF4}.Release|x86.Build.0 = Release|Win32
		{02087B74-5EEE-47F6-9D67-5C39ACCC15DD}.Debug|x64.ActiveCfg = Debug|x64
		{02087B74-5EEE-47F6-9D67-5C39ACCC15DD}.Debug|x64.Build.0 = Debug|x64
		{02087B74-5EEE-47F6-9D67-5C39ACCC15DD}.Debug|x86.ActiveCfg = Debug|Win32
		{02087B74-5EEE-47F6-9D67-5C39ACCC15DD}.Debug|x86.Build.0 = Debug|Win32
		{02087B74-5EEE-47F6-9D67-5C39ACCC15DD}.Release|x64.ActiveCfg = Release|x64
		{02087B74-5EEE-47F6-9D67-5C39ACCC15DD}.Release|x64.Build.0 = Release|x64
		{02087B74-5EEE-47F6-9D67-5C39ACCC15DD}.Release|x86.ActiveCfg = Release|Win32
		{02087B74-5EEE-47F6-9D67-5C39ACCC15DD}.Release|x86.Build.0 = Release|Win32
		{B8166E62-5DCC-473A-B4D8-55A27D59F97A}.Debug|x64.ActiveCfg = Debug|x64
		{B8166E62-5DCC-473A-B4D8-55A27D59F97A}.Debug|x64.Build.0 = Debug|x64
		{B8166E62-5DCC-473A-B4D8-55A27D59F97A}.Debug|x86.ActiveCfg = Debug|Win32
		{B8166E62-5DCC-473A-B4D8-55A27D59F97A}.Debug|x86.Build.0 = Debug|Win32
		{B8166E62-5DCC-473A-B4D8-55A27D59F97A}.Release|x64.ActiveCfg = Release|x64
		{B8166E62-5DCC-473A-B4D8-55A27D59F97A}.Release|x64.Build.0 = Release|x64
		{B8166E62-5DCC-473A-B4D8-55A27D59F97A}.Release|x86.ActiveCfg = Release|Win32
		{B8166E62-5DCC-473A-B4D8-55A27D59F97A}.Release|x86.Build.0 = Release|Win32
		{9DC720C3-6830-4500-99B9-2D6A9F729B94}.Debug|x64.ActiveCfg = Debug|x64
		{9DC720C3-6830-4500-99B9-2D6A9F729B94}.Debug|x64.Build.0 = Debug|x64
		{9DC720C3-6830-4500-99B9-2D6A9F729B94}.Debug|x86.ActiveCfg = Debug|Win32
		{9DC720C3-6830-4500-99B9-2D6A9F729B94}.Debug|x86.Build.0 = Debug|Win32
		{9DC720C3-6830-4500-99B9-2D6A9F729B94}.Release|x64.ActiveCfg = Release|x64
		{9DC720C3-6830-4500-99B9-2D6A9F729B94}.Release|x64.Build.0 = Release|x64
		{9DC720C3-6830-4500-99B9-2D6A9F729B94}.Release|x86.ActiveCfg = Release|Win32
		{9DC720C3-6830-4500-99B9-2D6A9F729B94}.Release|x86.Build.0 = Release|Win32
	EndGlobalSection
	GlobalSection(SolutionProperties) = preSolution
		HideSolutionNode = FALSE
	EndGlobalSection
EndGlobal
